
Microsoft Visual Studio Solution File, Format Version 12.00
# Visual Studio Version 16
VisualStudioVersion = 16.0.30309.148
MinimumVisualStudioVersion = 10.0.40219.1
Project("{FAE04EC0-301F-11D3-BF4B-00C04F79EFBC}") = "DevIO.Api", "src\DevIO.Api\DevIO.Api.csproj", "{D7D28C1A-E74C-4DA2-AC09-B98BFC018B75}"
EndProject
Project("{9A19103F-16F7-4668-BE54-9A1E7A4F7556}") = "DevIO.Business", "src\DevIO.Business\DevIO.Business.csproj", "{3D9FB1DD-14E4-4F54-8BAB-FB849A26555C}"
EndProject
Project("{9A19103F-16F7-4668-BE54-9A1E7A4F7556}") = "DevIO.Data", "src\DevIO.Data\DevIO.Data.csproj", "{6918E7DD-656B-48C2-915A-A0B3A1502EC7}"
EndProject
Global
	GlobalSection(SolutionConfigurationPlatforms) = preSolution
		Debug|Any CPU = Debug|Any CPU
		Release|Any CPU = Release|Any CPU
	EndGlobalSection
	GlobalSection(ProjectConfigurationPlatforms) = postSolution
		{D7D28C1A-E74C-4DA2-AC09-B98BFC018B75}.Debug|Any CPU.ActiveCfg = Debug|Any CPU
		{D7D28C1A-E74C-4DA2-AC09-B98BFC018B75}.Debug|Any CPU.Build.0 = Debug|Any CPU
		{D7D28C1A-E74C-4DA2-AC09-B98BFC018B75}.Release|Any CPU.ActiveCfg = Release|Any CPU
		{D7D28C1A-E74C-4DA2-AC09-B98BFC018B75}.Release|Any CPU.Build.0 = Release|Any CPU
		{3D9FB1DD-14E4-4F54-8BAB-FB849A26555C}.Debug|Any CPU.ActiveCfg = Debug|Any CPU
		{3D9FB1DD-14E4-4F54-8BAB-FB849A26555C}.Debug|Any CPU.Build.0 = Debug|Any CPU
		{3D9FB1DD-14E4-4F54-8BAB-FB849A26555C}.Release|Any CPU.ActiveCfg = Release|Any CPU
		{3D9FB1DD-14E4-4F54-8BAB-FB849A26555C}.Release|Any CPU.Build.0 = Release|Any CPU
		{6918E7DD-656B-48C2-915A-A0B3A1502EC7}.Debug|Any CPU.ActiveCfg = Debug|Any CPU
		{6918E7DD-656B-48C2-915A-A0B3A1502EC7}.Debug|Any CPU.Build.0 = Debug|Any CPU
		{6918E7DD-656B-48C2-915A-A0B3A1502EC7}.Release|Any CPU.ActiveCfg = Release|Any CPU
		{6918E7DD-656B-48C2-915A-A0B3A1502EC7}.Release|Any CPU.Build.0 = Release|Any CPU
	EndGlobalSection
	GlobalSection(SolutionProperties) = preSolution
		HideSolutionNode = FALSE
	EndGlobalSection
	GlobalSection(ExtensibilityGlobals) = postSolution
		SolutionGuid = {EEEAA81B-364A-414F-A983-F388FD3B6D02}
	EndGlobalSection
EndGlobal
